
Microsoft Visual Studio Solution File, Format Version 12.00
# Visual Studio 2013
VisualStudioVersion = 12.0.30501.0
MinimumVisualStudioVersion = 10.0.40219.1
Project("{FAE04EC0-301F-11D3-BF4B-00C04F79EFBC}") = "DirectXHelper", "Afterglow.DirectX\DirectXHelper.csproj", "{703FE443-B4D3-41D1-B227-CF1CFF1CA5D4}"
EndProject
Project("{FAE04EC0-301F-11D3-BF4B-00C04F79EFBC}") = "DirectXScreenCapture", "Afterglow.DirectX.Plugin\DirectXScreenCapture.csproj", "{DE6ED890-7EF2-403A-BF90-99EFF2968CE7}"
EndProject
Project("{FAE04EC0-301F-11D3-BF4B-00C04F79EFBC}") = "Antumbra", "..\Core\Antumbra\Antumbra.csproj", "{B5887076-F914-4F71-8CB7-CF3CBF663CCF}"
EndProject
Project("{2150E333-8FDC-42A3-9474-1A3956D46DE8}") = ".nuget", ".nuget", "{B0F45AC1-CF6C-475A-BE02-D621A03E7115}"
	ProjectSection(SolutionItems) = preProject
		.nuget\NuGet.Config = .nuget\NuGet.Config
		.nuget\NuGet.exe = .nuget\NuGet.exe
		.nuget\NuGet.targets = .nuget\NuGet.targets
	EndProjectSection
EndProject
Global
	GlobalSection(SolutionConfigurationPlatforms) = preSolution
		Debug|Any CPU = Debug|Any CPU
		Debug|x86 = Debug|x86
		Release|Any CPU = Release|Any CPU
		Release|x86 = Release|x86
	EndGlobalSection
	GlobalSection(ProjectConfigurationPlatforms) = postSolution
		{703FE443-B4D3-41D1-B227-CF1CFF1CA5D4}.Debug|Any CPU.ActiveCfg = Debug|Any CPU
		{703FE443-B4D3-41D1-B227-CF1CFF1CA5D4}.Debug|Any CPU.Build.0 = Debug|Any CPU
		{703FE443-B4D3-41D1-B227-CF1CFF1CA5D4}.Debug|x86.ActiveCfg = Debug|x86
		{703FE443-B4D3-41D1-B227-CF1CFF1CA5D4}.Debug|x86.Build.0 = Debug|x86
		{703FE443-B4D3-41D1-B227-CF1CFF1CA5D4}.Release|Any CPU.ActiveCfg = Release|Any CPU
		{703FE443-B4D3-41D1-B227-CF1CFF1CA5D4}.Release|Any CPU.Build.0 = Release|Any CPU
		{703FE443-B4D3-41D1-B227-CF1CFF1CA5D4}.Release|x86.ActiveCfg = Release|x86
		{703FE443-B4D3-41D1-B227-CF1CFF1CA5D4}.Release|x86.Build.0 = Release|x86
		{DE6ED890-7EF2-403A-BF90-99EFF2968CE7}.Debug|Any CPU.ActiveCfg = Debug|Any CPU
		{DE6ED890-7EF2-403A-BF90-99EFF2968CE7}.Debug|Any CPU.Build.0 = Debug|Any CPU
		{DE6ED890-7EF2-403A-BF90-99EFF2968CE7}.Debug|x86.ActiveCfg = Debug|x86
		{DE6ED890-7EF2-403A-BF90-99EFF2968CE7}.Debug|x86.Build.0 = Debug|x86
		{DE6ED890-7EF2-403A-BF90-99EFF2968CE7}.Release|Any CPU.ActiveCfg = Release|Any CPU
		{DE6ED890-7EF2-403A-BF90-99EFF2968CE7}.Release|Any CPU.Build.0 = Release|Any CPU
		{DE6ED890-7EF2-403A-BF90-99EFF2968CE7}.Release|x86.ActiveCfg = Release|x86
		{DE6ED890-7EF2-403A-BF90-99EFF2968CE7}.Release|x86.Build.0 = Release|x86
		{B5887076-F914-4F71-8CB7-CF3CBF663CCF}.Debug|Any CPU.ActiveCfg = Debug|Any CPU
		{B5887076-F914-4F71-8CB7-CF3CBF663CCF}.Debug|Any CPU.Build.0 = Debug|Any CPU
		{B5887076-F914-4F71-8CB7-CF3CBF663CCF}.Debug|x86.ActiveCfg = Debug|x86
		{B5887076-F914-4F71-8CB7-CF3CBF663CCF}.Debug|x86.Build.0 = Debug|x86
		{B5887076-F914-4F71-8CB7-CF3CBF663CCF}.Release|Any CPU.ActiveCfg = Release|Any CPU
		{B5887076-F914-4F71-8CB7-CF3CBF663CCF}.Release|Any CPU.Build.0 = Release|Any CPU
		{B5887076-F914-4F71-8CB7-CF3CBF663CCF}.Release|x86.ActiveCfg = Release|x86
		{B5887076-F914-4F71-8CB7-CF3CBF663CCF}.Release|x86.Build.0 = Release|x86
	EndGlobalSection
	GlobalSection(SolutionProperties) = preSolution
		HideSolutionNode = FALSE
	EndGlobalSection
EndGlobal
